# THIS IS AN AUTOGENERATED FILE. DO NOT EDIT THIS FILE DIRECTLY.
# yarn lockfile v1


piral-instance-webpack-plugin@^0.6.3:
  version "0.6.4"
  resolved "https://registry.npmjs.org/piral-instance-webpack-plugin/-/piral-instance-webpack-plugin-0.6.4.tgz#d51c698434f053ecd69f0fff17a7d705b90c5b9c"
  integrity sha512-pIvG3ZAggl/kpS5ByStcBr8L2yXQ9juhz9P5eW/XUBzZ7202PabKEBZALRhla8GgLL+wWerwCWDsxRhxxpEh0A==
