# THIS IS AN AUTOGENERATED FILE. DO NOT EDIT THIS FILE DIRECTLY.
# yarn lockfile v1


"@types/chart.js@^2.9.28":
  version "2.9.28"
  resolved "https://registry.npmjs.org/@types/chart.js/-/chart.js-2.9.28.tgz#75f1a456ee2eace136073c3264da271a27dcdc8a"
  integrity sha512-9YYhsxRngRJb0dkuaU5BezkF+zvvVHnwdRw+rtlahtFb4zqNf9YSgWsOq+dLYeh0fqsWmHUYLR64eNigh02F+w==
  dependencies:
    moment "^2.10.2"

"@types/prop-types@*":
  version "15.7.3"
  resolved "https://registry.npmjs.org/@types/prop-types/-/prop-types-15.7.3.tgz#2ab0d5da2e5815f94b0b9d4b95d1e5f243ab2ca7"
  integrity sha512-KfRL3PuHmqQLOG+2tGpRO26Ctg+Cq1E01D2DMriKEATHgWLfeNDmq9e29Q9WIky0dQ3NPkd1mzYH8Lm936Z9qw==

"@types/react@^16.9.56":
  version "16.9.56"
  resolved "https://registry.npmjs.org/@types/react/-/react-16.9.56.tgz#ea25847b53c5bec064933095fc366b1462e2adf0"
  integrity sha512-gIkl4J44G/qxbuC6r2Xh+D3CGZpJ+NdWTItAPmZbR5mUS+JQ8Zvzpl0ea5qT/ZT3ZNTUcDKUVqV3xBE8wv/DyQ==
  dependencies:
    "@types/prop-types" "*"
    csstype "^3.0.2"

chart.js@^2.9.4:
  version "2.9.4"
  resolved "https://registry.npmjs.org/chart.js/-/chart.js-2.9.4.tgz#0827f9563faffb2dc5c06562f8eb10337d5b9684"
  integrity sha512-B07aAzxcrikjAPyV+01j7BmOpxtQETxTSlQ26BEYJ+3iUkbNKaOJ/nDbT6JjyqYxseM0ON12COHYdU2cTIjC7A==
  dependencies:
    chartjs-color "^2.1.0"
    moment "^2.10.2"

chartjs-color-string@^0.6.0:
  version "0.6.0"
  resolved "https://registry.npmjs.org/chartjs-color-string/-/chartjs-color-string-0.6.0.tgz#1df096621c0e70720a64f4135ea171d051402f71"
  integrity sha512-TIB5OKn1hPJvO7JcteW4WY/63v6KwEdt6udfnDE9iCAZgy+V4SrbSxoIbTw/xkUIapjEI4ExGtD0+6D3KyFd7A==
  dependencies:
    color-name "^1.0.0"

chartjs-color@^2.1.0:
  version "2.4.1"
  resolved "https://registry.npmjs.org/chartjs-color/-/chartjs-color-2.4.1.tgz#6118bba202fe1ea79dd7f7c0f9da93467296c3b0"
  integrity sha512-haqOg1+Yebys/Ts/9bLo/BqUcONQOdr/hoEr2LLTRl6C5LXctUdHxsCYfvQVg5JIxITrfCNUDr4ntqmQk9+/0w==
  dependencies:
    chartjs-color-string "^0.6.0"
    color-convert "^1.9.3"

color-convert@^1.9.1, color-convert@^1.9.3:
  version "1.9.3"
  resolved "https://registry.npmjs.org/color-convert/-/color-convert-1.9.3.tgz#bb71850690e1f136567de629d2d5471deda4c1e8"
  integrity sha512-QfAUtd+vFdAtFQcC8CCyYt1fYWxSqAiK2cSD6zDB8N3cpsEBAvRxp9zOGg6G/SHHJYAT88/az/IuDGALsNVbGg==
  dependencies:
    color-name "1.1.3"

color-name@1.1.3:
  version "1.1.3"
  resolved "https://registry.npmjs.org/color-name/-/color-name-1.1.3.tgz#a7d0558bd89c42f795dd42328f740831ca53bc25"
  integrity sha1-p9BVi9icQveV3UIyj3QIMcpTvCU=

color-name@^1.0.0:
  version "1.1.4"
  resolved "https://registry.npmjs.org/color-name/-/color-name-1.1.4.tgz#c2a09a87acbde69543de6f63fa3995c826c536a2"
  integrity sha512-dOy+3AuW3a2wNbZHIuMZpTcgjGuLU/uBL/ubcZF9OXbDo8ff4O8yVp5Bf0efS8uEoYo5q4Fx7dY9OgQGXgAsQA==

color-string@^1.5.4:
  version "1.5.4"
  resolved "https://registry.npmjs.org/color-string/-/color-string-1.5.4.tgz#dd51cd25cfee953d138fe4002372cc3d0e504cb6"
  integrity sha512-57yF5yt8Xa3czSEW1jfQDE79Idk0+AkN/4KWad6tbdxUmAs3MvjxlWSWD4deYytcRfoZ9nhKyFl1kj5tBvidbw==
  dependencies:
    color-name "^1.0.0"
    simple-swizzle "^0.2.2"

color@^3.1.3:
  version "3.1.3"
  resolved "https://registry.npmjs.org/color/-/color-3.1.3.tgz#ca67fb4e7b97d611dcde39eceed422067d91596e"
  integrity sha512-xgXAcTHa2HeFCGLE9Xs/R82hujGtu9Jd9x4NW3T34+OMs7VoPsjwzRczKHvTAHeJwWFwX5j15+MgAppE8ztObQ==
  dependencies:
    color-convert "^1.9.1"
    color-string "^1.5.4"

crypto-js@^4.0.0:
  version "4.0.0"
  resolved "https://registry.npmjs.org/crypto-js/-/crypto-js-4.0.0.tgz#2904ab2677a9d042856a2ea2ef80de92e4a36dcc"
  integrity sha512-bzHZN8Pn+gS7DQA6n+iUmBfl0hO5DJq++QP3U6uTucDtk/0iGpXd/Gg7CGR0p8tJhofJyaKoWBuJI4eAO00BBg==

csstype@^3.0.2:
  version "3.0.5"
  resolved "https://registry.npmjs.org/csstype/-/csstype-3.0.5.tgz#7fdec6a28a67ae18647c51668a9ff95bb2fa7bb8"
  integrity sha512-uVDi8LpBUKQj6sdxNaTetL6FpeCqTjOvAQuQUa/qAqq8oOd4ivkbhgnqayl0dnPal8Tb/yB1tF+gOvCBiicaiQ==

hoist-non-react-statics@^3.3.2:
  version "3.3.2"
  resolved "https://registry.npmjs.org/hoist-non-react-statics/-/hoist-non-react-statics-3.3.2.tgz#ece0acaf71d62c2969c2ec59feff42a4b1a85b45"
  integrity sha512-/gGivxi8JPKWNm/W0jSmzcMPpfpPLc3dY/6GxhX2hQ9iGj3aDfklV4ET7NjKpSinLpJ5vafa9iiGIEZg10SfBw==
  dependencies:
    react-is "^16.7.0"

is-arrayish@^0.3.1:
  version "0.3.2"
  resolved "https://registry.npmjs.org/is-arrayish/-/is-arrayish-0.3.2.tgz#4574a2ae56f7ab206896fb431eaeed066fdf8f03"
  integrity sha512-eVRqCvVlZbuw3GrM63ovNSNAeA1K16kaR/LRY/92w0zxQ5/1YzwblUX652i4Xs9RwAGjW9d9y6X88t8OaAJfWQ==

"js-tokens@^3.0.0 || ^4.0.0":
  version "4.0.0"
  resolved "https://registry.npmjs.org/js-tokens/-/js-tokens-4.0.0.tgz#19203fb59991df98e3a287050d4647cdeaf32499"
  integrity sha512-RdJUflcE3cUzKiMqQgsCu06FPu9UdIJO0beYbPhHN4k6apgJtifcoCtT9bcxOpYBtpD2kCM6Sbzg4CausW/PKQ==

lodash@^4.17.20:
  version "4.17.20"
  resolved "https://registry.npmjs.org/lodash/-/lodash-4.17.20.tgz#b44a9b6297bcb698f1c51a3545a2b3b368d59c52"
  integrity sha512-PlhdFcillOINfeV7Ni6oF1TAEayyZBoZ8bcshTHqOYJYlrqzRK5hagpagky5o4HfCzzd1TRkXPMFq6cKk9rGmA==

loose-envify@^1.1.0:
  version "1.4.0"
  resolved "https://registry.npmjs.org/loose-envify/-/loose-envify-1.4.0.tgz#71ee51fa7be4caec1a63839f7e682d8132d30caf"
  integrity sha512-lyuxPGr/Wfhrlem2CL/UcnUc1zcqKAImBDzukY7Y5F/yQiNdko6+fRLevlw1HgMySw7f611UIY408EtxRSoK3Q==
  dependencies:
    js-tokens "^3.0.0 || ^4.0.0"

mobx-react-lite@^3.1.6:
  version "3.1.6"
  resolved "https://registry.npmjs.org/mobx-react-lite/-/mobx-react-lite-3.1.6.tgz#e7f4809ab66edd1acca5adb00c6b88c600ae1952"
  integrity sha512-MM3x9BLt5nC7iE/ILA5n2+hfrplEKYbFjqROEuGkzBdZP/KD+Z44+2gseczRrTG0xFuiPWfEzgT68+6/zqOiEw==

mobx-react@^7.0.5:
  version "7.0.5"
  resolved "https://registry.npmjs.org/mobx-react/-/mobx-react-7.0.5.tgz#a458ec3fd44349d398274eb08aec1abe9b5129ff"
  integrity sha512-WmHl3Ni30ujVcOOnllmGmyccsbfFCKtAwpkIwncwxhgLcvXcE0Wa9lGJIhoqQdTJzGr0AJqGzMVAdwNc3Fj2DQ==
  dependencies:
    mobx-react-lite "^3.1.6"

mobx@^6.0.3, mobx@^6.0.4:
  version "6.0.4"
  resolved "https://registry.npmjs.org/mobx/-/mobx-6.0.4.tgz#8fc3e3629a3346f8afddf5bd954411974744dad1"
  integrity sha512-wT2QJT9tW19VSHo9x7RPKU3z/I2Ps6wUS8Kb1OO+kzmg7UY3n4AkcaYG6jq95Lp1R9ohjC/NGYuT2PtuvBjhFg==

moment@^2.10.2, moment@^2.29.1:
  version "2.29.1"
  resolved "https://registry.npmjs.org/moment/-/moment-2.29.1.tgz#b2be769fa31940be9eeea6469c075e35006fa3d3"
  integrity sha512-kHmoybcPV8Sqy59DwNDY3Jefr64lK/by/da0ViFcuA4DH0vQg5Q6Ze5VimxkfQNSC+Mls/Kx53s7TjP1RhFEDQ==

object-assign@^4.1.1:
  version "4.1.1"
  resolved "https://registry.npmjs.org/object-assign/-/object-assign-4.1.1.tgz#2109adc7965887cfc05cbbd442cac8bfbb360863"
  integrity sha1-IQmtx5ZYh8/AXLvUQsrIv7s2CGM=

piral-compass-animate@^0.0.1:
  version "0.0.1"
  resolved "https://registry.npmjs.org/piral-compass-animate/-/piral-compass-animate-0.0.1.tgz#4d42a133be9fee21f0048c5ddc95f9fad2ae420f"
  integrity sha512-XaNUA7sr1PkjpKtCKvA7TomhUp1nHlnsRAgEwyweFXEdAK2au7B6aS8MxBhSTEjPwlLye+0kt9GiCh47knPTKA==
  dependencies:
    mobx "^6.0.4"
    mobx-react "^7.0.5"
    piral-compass-utils "^0.0.1"

piral-compass-badge@^0.0.1:
  version "0.0.1"
  resolved "https://registry.npmjs.org/piral-compass-badge/-/piral-compass-badge-0.0.1.tgz#55d67f7ae974eeda0a5625d56e1e8e9fbd776d24"
  integrity sha512-7xM3qXmDHIMcTFrNm0kQIhtmwih+Gm9568CblBdwPtgKqaEsI2U3b3qWzjPV5fCSfkXAN2v9WltSJXLrehBwRw==
  dependencies:
    piral-compass-tooltip "^0.0.1"
    piral-compass-utils "^0.0.1"

piral-compass-status-brick@^0.0.1:
  version "0.0.1"
  resolved "https://registry.npmjs.org/piral-compass-status-brick/-/piral-compass-status-brick-0.0.1.tgz#0ac203ed9add060f64073f9602133cd52cbd3f79"
  integrity sha512-d8MmkF8q1U7dcIMqltnok8Shm3XgcrIgmUZCfJhMQjHjNsOrPwV/pcFSaFhXylA83dkJ2DxrDoW7K0G4+qVyBg==
  dependencies:
    piral-compass-utils "^0.0.3"

piral-compass-themes@^0.0.1:
  version "0.0.1"
  resolved "https://registry.npmjs.org/piral-compass-themes/-/piral-compass-themes-0.0.1.tgz#40635ef8263d5b98de0dc80daa89d2c81164a5c7"
  integrity sha512-gQzdkAMWV8P80xqCagR5uQLl/bvLJ3wfL/Xa2H3aRcOyGSkayBtd3DJiZKna68mwLH4PP0KuzPiGVTp85RL2Pw==
  dependencies:
    mobx "^6.0.3"
    piral-compass-utils "^0.0.1"
    tslib "^2.0.3"
    typescript "^3.9.7"

piral-compass-tooltip@^0.0.1:
  version "0.0.1"
  resolved "https://registry.npmjs.org/piral-compass-tooltip/-/piral-compass-tooltip-0.0.1.tgz#449b22fa63295cd6f6eb5f55bc82ef7380e5ada9"
  integrity sha512-gTuUHFDbcTbo7s74Bkdo/z3yS5w65Ze3VM2B1ew3TgoiDZGgSqSZ/TAtaR2a/MH7YouJrj6+TXsS/vfezoBZfQ==
  dependencies:
    hoist-non-react-statics "^3.3.2"
    mobx "^6.0.4"
    mobx-react "^7.0.5"
    piral-compass-animate "^0.0.1"
    piral-compass-utils "^0.0.1"
    react-dom "^17.0.1"

piral-compass-utils@0.0.3, piral-compass-utils@^0.0.3:
  version "0.0.3"
  resolved "https://registry.npmjs.org/piral-compass-utils/-/piral-compass-utils-0.0.3.tgz#ed92cc9305f9cd996e7a2af376ca58d150c80248"
  integrity sha512-yx0v90c1IRDRrQSMkGZmEMNOMymQHW+mFwypAo6PmkTIUp2lcFmPADqcC/UVuM/LMj1UiusINJnbuzSf8gHmKw==
  dependencies:
    crypto-js "^4.0.0"
    lodash "^4.17.20"
    moment "^2.29.1"
    react "^17.0.1"
    tslib "^2.0.3"

piral-compass-utils@^0.0.1:
  version "0.0.1"
  resolved "https://registry.npmjs.org/piral-compass-utils/-/piral-compass-utils-0.0.1.tgz#013188e8eafa9a240180ff71ba34471bb23ab441"
  integrity sha512-6SnoRla6DK2/p2x0hjeYu79SFjiW7/Sirrk60bZTUhGfLtxZ/Qgh1938fm3kV3mfzfW5qXmoCDR6wf+JwEG43A==
  dependencies:
    crypto-js "^4.0.0"
    lodash "^4.17.20"
    moment "^2.29.1"
    react "^17.0.1"
    tslib "^2.0.3"

react-dom@^17.0.1:
  version "17.0.1"
  resolved "https://registry.npmjs.org/react-dom/-/react-dom-17.0.1.tgz#1de2560474ec9f0e334285662ede52dbc5426fc6"
  integrity sha512-6eV150oJZ9U2t9svnsspTMrWNyHc6chX0KzDeAOXftRa8bNeOKTTfCJ7KorIwenkHd2xqVTBTCZd79yk/lx/Ug==
  dependencies:
    loose-envify "^1.1.0"
    object-assign "^4.1.1"
    scheduler "^0.20.1"

react-is@^16.7.0:
  version "16.13.1"
  resolved "https://registry.npmjs.org/react-is/-/react-is-16.13.1.tgz#789729a4dc36de2999dc156dd6c1d9c18cea56a4"
  integrity sha512-24e6ynE2H+OKt4kqsOvNd8kBpV65zoxbA4BVsEOB3ARVWQki/DHzaUoC5KuON/BiccDaCCTZBuOcfZs70kR8bQ==

react@^17.0.1:
  version "17.0.1"
  resolved "https://registry.npmjs.org/react/-/react-17.0.1.tgz#6e0600416bd57574e3f86d92edba3d9008726127"
  integrity sha512-lG9c9UuMHdcAexXtigOZLX8exLWkW0Ku29qPRU8uhF2R9BN96dLCt0psvzPLlHc5OWkgymP3qwTRgbnw5BKx3w==
  dependencies:
    loose-envify "^1.1.0"
    object-assign "^4.1.1"

scheduler@^0.20.1:
  version "0.20.1"
  resolved "https://registry.npmjs.org/scheduler/-/scheduler-0.20.1.tgz#da0b907e24026b01181ecbc75efdc7f27b5a000c"
  integrity sha512-LKTe+2xNJBNxu/QhHvDR14wUXHRQbVY5ZOYpOGWRzhydZUqrLb2JBvLPY7cAqFmqrWuDED0Mjk7013SZiOz6Bw==
  dependencies:
    loose-envify "^1.1.0"
    object-assign "^4.1.1"

simple-swizzle@^0.2.2:
  version "0.2.2"
  resolved "https://registry.npmjs.org/simple-swizzle/-/simple-swizzle-0.2.2.tgz#a4da6b635ffcccca33f70d17cb92592de95e557a"
  integrity sha1-pNprY1/8zMoz9w0Xy5JZLeleVXo=
  dependencies:
    is-arrayish "^0.3.1"

tslib@^2.0.3:
  version "2.0.3"
  resolved "https://registry.npmjs.org/tslib/-/tslib-2.0.3.tgz#8e0741ac45fc0c226e58a17bfc3e64b9bc6ca61c"
  integrity sha512-uZtkfKblCEQtZKBF6EBXVZeQNl82yqtDQdv+eck8u7tdPxjLu2/lp5/uPW+um2tpuxINHWy3GhiccY7QgEaVHQ==

typescript@^3.9.7:
  version "3.9.7"
  resolved "https://registry.npmjs.org/typescript/-/typescript-3.9.7.tgz#98d600a5ebdc38f40cb277522f12dc800e9e25fa"
  integrity sha512-BLbiRkiBzAwsjut4x/dsibSTB6yWpwT5qWmC2OfuCg3GgVQCSgMs4vEctYPhsaGtd0AeuuHMkjZ2h2WG8MSzRw==
