{
	"name": "piral-compass-input",
	"version": "0.0.1",
	"lockfileVersion": 1,
	"requires": true,
	"dependencies": {
		"mobx-react": {
			"version": "7.0.5",
			"resolved": "https://registry.npmjs.org/mobx-react/-/mobx-react-7.0.5.tgz",
			"integrity": "sha512-WmHl3Ni30ujVcOOnllmGmyccsbfFCKtAwpkIwncwxhgLcvXcE0Wa9lGJIhoqQdTJzGr0AJqGzMVAdwNc3Fj2DQ==",
			"requires": {
				"mobx-react-lite": "^3.1.6"
			}
		},
		"mobx-react-lite": {
			"version": "3.1.6",
			"resolved": "https://registry.npmjs.org/mobx-react-lite/-/mobx-react-lite-3.1.6.tgz",
			"integrity": "sha512-MM3x9BLt5nC7iE/ILA5n2+hfrplEKYbFjqROEuGkzBdZP/KD+Z44+2gseczRrTG0xFuiPWfEzgT68+6/zqOiEw=="
		}
	}
}
