# THIS IS AN AUTOGENERATED FILE. DO NOT EDIT THIS FILE DIRECTLY.
# yarn lockfile v1


"@babel/runtime@^7.1.2", "@babel/runtime@^7.12.1":
  version "7.12.5"
  resolved "https://registry.npmjs.org/@babel/runtime/-/runtime-7.12.5.tgz#410e7e487441e1b360c29be715d870d9b985882e"
  integrity sha512-plcc+hbExy3McchJCEQG3knOsuh3HH+Prx1P6cLIkET/0dLuQDEnrT+s27Axgc9bqfsmNUNHfscgMUdBpC9xfg==
  dependencies:
    regenerator-runtime "^0.13.4"

"@types/history@^4.7.3":
  version "4.7.8"
  resolved "https://registry.npmjs.org/@types/history/-/history-4.7.8.tgz#49348387983075705fe8f4e02fb67f7daaec4934"
  integrity sha512-S78QIYirQcUoo6UJZx9CSP0O2ix9IaeAXwQi26Rhr/+mg7qqPy8TzaxHSUut7eGjL8WmLccT7/MXf304WjqHcA==

crypto-js@^4.0.0:
  version "4.0.0"
  resolved "https://registry.npmjs.org/crypto-js/-/crypto-js-4.0.0.tgz#2904ab2677a9d042856a2ea2ef80de92e4a36dcc"
  integrity sha512-bzHZN8Pn+gS7DQA6n+iUmBfl0hO5DJq++QP3U6uTucDtk/0iGpXd/Gg7CGR0p8tJhofJyaKoWBuJI4eAO00BBg==

history@^4.10.1, history@^4.9.0:
  version "4.10.1"
  resolved "https://registry.npmjs.org/history/-/history-4.10.1.tgz#33371a65e3a83b267434e2b3f3b1b4c58aad4cf3"
  integrity sha512-36nwAD620w12kuzPAsyINPWJqlNbij+hpK1k9XRloDtym8mxzGYl2c17LnV6IAGB2Dmg4tEa7G7DlawS0+qjew==
  dependencies:
    "@babel/runtime" "^7.1.2"
    loose-envify "^1.2.0"
    resolve-pathname "^3.0.0"
    tiny-invariant "^1.0.2"
    tiny-warning "^1.0.0"
    value-equal "^1.0.1"

hoist-non-react-statics@^3.1.0, hoist-non-react-statics@^3.3.2:
  version "3.3.2"
  resolved "https://registry.npmjs.org/hoist-non-react-statics/-/hoist-non-react-statics-3.3.2.tgz#ece0acaf71d62c2969c2ec59feff42a4b1a85b45"
  integrity sha512-/gGivxi8JPKWNm/W0jSmzcMPpfpPLc3dY/6GxhX2hQ9iGj3aDfklV4ET7NjKpSinLpJ5vafa9iiGIEZg10SfBw==
  dependencies:
    react-is "^16.7.0"

isarray@0.0.1:
  version "0.0.1"
  resolved "https://registry.npmjs.org/isarray/-/isarray-0.0.1.tgz#8a18acfca9a8f4177e09abfc6038939b05d1eedf"
  integrity sha1-ihis/Kmo9Bd+Cav8YDiTmwXR7t8=

"js-tokens@^3.0.0 || ^4.0.0":
  version "4.0.0"
  resolved "https://registry.npmjs.org/js-tokens/-/js-tokens-4.0.0.tgz#19203fb59991df98e3a287050d4647cdeaf32499"
  integrity sha512-RdJUflcE3cUzKiMqQgsCu06FPu9UdIJO0beYbPhHN4k6apgJtifcoCtT9bcxOpYBtpD2kCM6Sbzg4CausW/PKQ==

lodash@^4.17.20:
  version "4.17.20"
  resolved "https://registry.npmjs.org/lodash/-/lodash-4.17.20.tgz#b44a9b6297bcb698f1c51a3545a2b3b368d59c52"
  integrity sha512-PlhdFcillOINfeV7Ni6oF1TAEayyZBoZ8bcshTHqOYJYlrqzRK5hagpagky5o4HfCzzd1TRkXPMFq6cKk9rGmA==

loose-envify@^1.1.0, loose-envify@^1.2.0, loose-envify@^1.3.1, loose-envify@^1.4.0:
  version "1.4.0"
  resolved "https://registry.npmjs.org/loose-envify/-/loose-envify-1.4.0.tgz#71ee51fa7be4caec1a63839f7e682d8132d30caf"
  integrity sha512-lyuxPGr/Wfhrlem2CL/UcnUc1zcqKAImBDzukY7Y5F/yQiNdko6+fRLevlw1HgMySw7f611UIY408EtxRSoK3Q==
  dependencies:
    js-tokens "^3.0.0 || ^4.0.0"

mini-create-react-context@^0.4.0:
  version "0.4.1"
  resolved "https://registry.npmjs.org/mini-create-react-context/-/mini-create-react-context-0.4.1.tgz#072171561bfdc922da08a60c2197a497cc2d1d5e"
  integrity sha512-YWCYEmd5CQeHGSAKrYvXgmzzkrvssZcuuQDDeqkT+PziKGMgE+0MCCtcKbROzocGBG1meBLl2FotlRwf4gAzbQ==
  dependencies:
    "@babel/runtime" "^7.12.1"
    tiny-warning "^1.0.3"

mobx-observable-history@^1.0.3:
  version "1.0.3"
  resolved "https://registry.npmjs.org/mobx-observable-history/-/mobx-observable-history-1.0.3.tgz#7e34be76024dc09c71b17c3996b422f50a347c98"
  integrity sha512-3JNF00AWbAXBSFJ8y/+xiPEpyySEDsNiWoT5q1G7V2w5BUQ+umqPSrmoJJlSzSs5d6Ey8HHGyPm0aGK444+hcA==
  dependencies:
    "@types/history" "^4.7.3"
    history "^4.10.1"
    mobx "^5.15.4"

mobx-react-lite@^3.1.6:
  version "3.1.6"
  resolved "https://registry.npmjs.org/mobx-react-lite/-/mobx-react-lite-3.1.6.tgz#e7f4809ab66edd1acca5adb00c6b88c600ae1952"
  integrity sha512-MM3x9BLt5nC7iE/ILA5n2+hfrplEKYbFjqROEuGkzBdZP/KD+Z44+2gseczRrTG0xFuiPWfEzgT68+6/zqOiEw==

mobx-react@^7.0.5:
  version "7.0.5"
  resolved "https://registry.npmjs.org/mobx-react/-/mobx-react-7.0.5.tgz#a458ec3fd44349d398274eb08aec1abe9b5129ff"
  integrity sha512-WmHl3Ni30ujVcOOnllmGmyccsbfFCKtAwpkIwncwxhgLcvXcE0Wa9lGJIhoqQdTJzGr0AJqGzMVAdwNc3Fj2DQ==
  dependencies:
    mobx-react-lite "^3.1.6"

mobx@^5.15.4:
  version "5.15.7"
  resolved "https://registry.npmjs.org/mobx/-/mobx-5.15.7.tgz#b9a5f2b6251f5d96980d13c78e9b5d8d4ce22665"
  integrity sha512-wyM3FghTkhmC+hQjyPGGFdpehrcX1KOXsDuERhfK2YbJemkUhEB+6wzEN639T21onxlfYBmriA1PFnvxTUhcKw==

mobx@^6.0.4:
  version "6.0.4"
  resolved "https://registry.npmjs.org/mobx/-/mobx-6.0.4.tgz#8fc3e3629a3346f8afddf5bd954411974744dad1"
  integrity sha512-wT2QJT9tW19VSHo9x7RPKU3z/I2Ps6wUS8Kb1OO+kzmg7UY3n4AkcaYG6jq95Lp1R9ohjC/NGYuT2PtuvBjhFg==

moment@^2.29.1:
  version "2.29.1"
  resolved "https://registry.npmjs.org/moment/-/moment-2.29.1.tgz#b2be769fa31940be9eeea6469c075e35006fa3d3"
  integrity sha512-kHmoybcPV8Sqy59DwNDY3Jefr64lK/by/da0ViFcuA4DH0vQg5Q6Ze5VimxkfQNSC+Mls/Kx53s7TjP1RhFEDQ==

object-assign@^4.1.1:
  version "4.1.1"
  resolved "https://registry.npmjs.org/object-assign/-/object-assign-4.1.1.tgz#2109adc7965887cfc05cbbd442cac8bfbb360863"
  integrity sha1-IQmtx5ZYh8/AXLvUQsrIv7s2CGM=

path-to-regexp@^1.7.0:
  version "1.8.0"
  resolved "https://registry.npmjs.org/path-to-regexp/-/path-to-regexp-1.8.0.tgz#887b3ba9d84393e87a0a0b9f4cb756198b53548a"
  integrity sha512-n43JRhlUKUAlibEJhPeir1ncUID16QnEjNpwzNdO3Lm4ywrBpBZ5oLD0I6br9evr1Y9JTqwRtAh7JLoOzAQdVA==
  dependencies:
    isarray "0.0.1"

path-to-regexp@^6.2.0:
  version "6.2.0"
  resolved "https://registry.npmjs.org/path-to-regexp/-/path-to-regexp-6.2.0.tgz#f7b3803336104c346889adece614669230645f38"
  integrity sha512-f66KywYG6+43afgE/8j/GoiNyygk/bnoCbps++3ErRKsIYkGGupyv07R2Ok5m9i67Iqc+T2g1eAUGUPzWhYTyg==

piral-compass-animate@^0.0.1:
  version "0.0.1"
  resolved "https://registry.npmjs.org/piral-compass-animate/-/piral-compass-animate-0.0.1.tgz#4d42a133be9fee21f0048c5ddc95f9fad2ae420f"
  integrity sha512-XaNUA7sr1PkjpKtCKvA7TomhUp1nHlnsRAgEwyweFXEdAK2au7B6aS8MxBhSTEjPwlLye+0kt9GiCh47knPTKA==
  dependencies:
    mobx "^6.0.4"
    mobx-react "^7.0.5"
    piral-compass-utils "^0.0.1"

piral-compass-icon@^0.0.1:
  version "0.0.1"
  resolved "https://registry.npmjs.org/piral-compass-icon/-/piral-compass-icon-0.0.1.tgz#9d5fc954dc53aa8dc1df0579751bf1c73e0a806e"
  integrity sha512-QiBpbsbiDJ45ca2Ryj51kVtkUqiD2Twwuu2dzBCrLF//AaZKR9/DotihZ9FKvh+W2sVPdoibOvrxc7Xp4l5LfA==
  dependencies:
    piral-compass-tooltip "^0.0.1"
    piral-compass-utils "^0.0.5"
    react-dom "^17.0.1"
    react-router-dom "^5.2.0"

piral-compass-tooltip@^0.0.1:
  version "0.0.1"
  resolved "https://registry.npmjs.org/piral-compass-tooltip/-/piral-compass-tooltip-0.0.1.tgz#449b22fa63295cd6f6eb5f55bc82ef7380e5ada9"
  integrity sha512-gTuUHFDbcTbo7s74Bkdo/z3yS5w65Ze3VM2B1ew3TgoiDZGgSqSZ/TAtaR2a/MH7YouJrj6+TXsS/vfezoBZfQ==
  dependencies:
    hoist-non-react-statics "^3.3.2"
    mobx "^6.0.4"
    mobx-react "^7.0.5"
    piral-compass-animate "^0.0.1"
    piral-compass-utils "^0.0.1"
    react-dom "^17.0.1"

piral-compass-utils@^0.0.1:
  version "0.0.1"
  resolved "https://registry.npmjs.org/piral-compass-utils/-/piral-compass-utils-0.0.1.tgz#013188e8eafa9a240180ff71ba34471bb23ab441"
  integrity sha512-6SnoRla6DK2/p2x0hjeYu79SFjiW7/Sirrk60bZTUhGfLtxZ/Qgh1938fm3kV3mfzfW5qXmoCDR6wf+JwEG43A==
  dependencies:
    crypto-js "^4.0.0"
    lodash "^4.17.20"
    moment "^2.29.1"
    react "^17.0.1"
    tslib "^2.0.3"

piral-compass-utils@^0.0.5:
  version "0.0.5"
  resolved "https://registry.npmjs.org/piral-compass-utils/-/piral-compass-utils-0.0.5.tgz#cbd3a08e6d5f4d3dd5b11010bf8823ea70f6cfb4"
  integrity sha512-5QCCZ9TsVk/b4NH/QStUR7IegXVAOpLeqRJPtq7Dww/Tg7EplPuvnXvW7Yh2ySoypPNop4bSC66+Z27hTOE7ZQ==
  dependencies:
    crypto-js "^4.0.0"
    lodash "^4.17.20"
    mobx-observable-history "^1.0.3"
    moment "^2.29.1"
    path-to-regexp "^6.2.0"
    react "^17.0.1"
    tslib "^2.0.3"

prop-types@^15.6.2:
  version "15.7.2"
  resolved "https://registry.npmjs.org/prop-types/-/prop-types-15.7.2.tgz#52c41e75b8c87e72b9d9360e0206b99dcbffa6c5"
  integrity sha512-8QQikdH7//R2vurIJSutZ1smHYTcLpRWEOlHnzcWHmBYrOGUysKwSsrC89BCiFj3CbrfJ/nXFdJepOVrY1GCHQ==
  dependencies:
    loose-envify "^1.4.0"
    object-assign "^4.1.1"
    react-is "^16.8.1"

react-dom@^17.0.1:
  version "17.0.1"
  resolved "https://registry.npmjs.org/react-dom/-/react-dom-17.0.1.tgz#1de2560474ec9f0e334285662ede52dbc5426fc6"
  integrity sha512-6eV150oJZ9U2t9svnsspTMrWNyHc6chX0KzDeAOXftRa8bNeOKTTfCJ7KorIwenkHd2xqVTBTCZd79yk/lx/Ug==
  dependencies:
    loose-envify "^1.1.0"
    object-assign "^4.1.1"
    scheduler "^0.20.1"

react-is@^16.6.0, react-is@^16.7.0, react-is@^16.8.1:
  version "16.13.1"
  resolved "https://registry.npmjs.org/react-is/-/react-is-16.13.1.tgz#789729a4dc36de2999dc156dd6c1d9c18cea56a4"
  integrity sha512-24e6ynE2H+OKt4kqsOvNd8kBpV65zoxbA4BVsEOB3ARVWQki/DHzaUoC5KuON/BiccDaCCTZBuOcfZs70kR8bQ==

react-router-dom@^5.2.0:
  version "5.2.0"
  resolved "https://registry.npmjs.org/react-router-dom/-/react-router-dom-5.2.0.tgz#9e65a4d0c45e13289e66c7b17c7e175d0ea15662"
  integrity sha512-gxAmfylo2QUjcwxI63RhQ5G85Qqt4voZpUXSEqCwykV0baaOTQDR1f0PmY8AELqIyVc0NEZUj0Gov5lNGcXgsA==
  dependencies:
    "@babel/runtime" "^7.1.2"
    history "^4.9.0"
    loose-envify "^1.3.1"
    prop-types "^15.6.2"
    react-router "5.2.0"
    tiny-invariant "^1.0.2"
    tiny-warning "^1.0.0"

react-router@5.2.0:
  version "5.2.0"
  resolved "https://registry.npmjs.org/react-router/-/react-router-5.2.0.tgz#424e75641ca8747fbf76e5ecca69781aa37ea293"
  integrity sha512-smz1DUuFHRKdcJC0jobGo8cVbhO3x50tCL4icacOlcwDOEQPq4TMqwx3sY1TP+DvtTgz4nm3thuo7A+BK2U0Dw==
  dependencies:
    "@babel/runtime" "^7.1.2"
    history "^4.9.0"
    hoist-non-react-statics "^3.1.0"
    loose-envify "^1.3.1"
    mini-create-react-context "^0.4.0"
    path-to-regexp "^1.7.0"
    prop-types "^15.6.2"
    react-is "^16.6.0"
    tiny-invariant "^1.0.2"
    tiny-warning "^1.0.0"

react@^17.0.1:
  version "17.0.1"
  resolved "https://registry.npmjs.org/react/-/react-17.0.1.tgz#6e0600416bd57574e3f86d92edba3d9008726127"
  integrity sha512-lG9c9UuMHdcAexXtigOZLX8exLWkW0Ku29qPRU8uhF2R9BN96dLCt0psvzPLlHc5OWkgymP3qwTRgbnw5BKx3w==
  dependencies:
    loose-envify "^1.1.0"
    object-assign "^4.1.1"

regenerator-runtime@^0.13.4:
  version "0.13.7"
  resolved "https://registry.npmjs.org/regenerator-runtime/-/regenerator-runtime-0.13.7.tgz#cac2dacc8a1ea675feaabaeb8ae833898ae46f55"
  integrity sha512-a54FxoJDIr27pgf7IgeQGxmqUNYrcV338lf/6gH456HZ/PhX+5BcwHXG9ajESmwe6WRO0tAzRUrRmNONWgkrew==

resolve-pathname@^3.0.0:
  version "3.0.0"
  resolved "https://registry.npmjs.org/resolve-pathname/-/resolve-pathname-3.0.0.tgz#99d02224d3cf263689becbb393bc560313025dcd"
  integrity sha512-C7rARubxI8bXFNB/hqcp/4iUeIXJhJZvFPFPiSPRnhU5UPxzMFIl+2E6yY6c4k9giDJAhtV+enfA+G89N6Csng==

scheduler@^0.20.1:
  version "0.20.1"
  resolved "https://registry.npmjs.org/scheduler/-/scheduler-0.20.1.tgz#da0b907e24026b01181ecbc75efdc7f27b5a000c"
  integrity sha512-LKTe+2xNJBNxu/QhHvDR14wUXHRQbVY5ZOYpOGWRzhydZUqrLb2JBvLPY7cAqFmqrWuDED0Mjk7013SZiOz6Bw==
  dependencies:
    loose-envify "^1.1.0"
    object-assign "^4.1.1"

tiny-invariant@^1.0.2:
  version "1.1.0"
  resolved "https://registry.npmjs.org/tiny-invariant/-/tiny-invariant-1.1.0.tgz#634c5f8efdc27714b7f386c35e6760991d230875"
  integrity sha512-ytxQvrb1cPc9WBEI/HSeYYoGD0kWnGEOR8RY6KomWLBVhqz0RgTwVO9dLrGz7dC+nN9llyI7OKAgRq8Vq4ZBSw==

tiny-warning@^1.0.0, tiny-warning@^1.0.3:
  version "1.0.3"
  resolved "https://registry.npmjs.org/tiny-warning/-/tiny-warning-1.0.3.tgz#94a30db453df4c643d0fd566060d60a875d84754"
  integrity sha512-lBN9zLN/oAf68o3zNXYrdCt1kP8WsiGW8Oo2ka41b2IM5JL/S1CTyX1rW0mb/zSuJun0ZUrDxx4sqvYS2FWzPA==

tslib@^2.0.3:
  version "2.0.3"
  resolved "https://registry.npmjs.org/tslib/-/tslib-2.0.3.tgz#8e0741ac45fc0c226e58a17bfc3e64b9bc6ca61c"
  integrity sha512-uZtkfKblCEQtZKBF6EBXVZeQNl82yqtDQdv+eck8u7tdPxjLu2/lp5/uPW+um2tpuxINHWy3GhiccY7QgEaVHQ==

value-equal@^1.0.1:
  version "1.0.1"
  resolved "https://registry.npmjs.org/value-equal/-/value-equal-1.0.1.tgz#1e0b794c734c5c0cade179c437d356d931a34d6c"
  integrity sha512-NOJ6JZCAWr0zlxZt+xqCHNTEKOsrks2HQd4MqhP1qy4z1SkbEP467eNx6TgDKXMvUOb+OENfJCZwM+16n7fRfw==
